
Microsoft Visual Studio Solution File, Format Version 12.00
# Visual Studio Version 17
VisualStudioVersion = 17.3.32929.385
MinimumVisualStudioVersion = 10.0.40219.1
Project("{FAE04EC0-301F-11D3-BF4B-00C04F79EFBC}") = "MVVM-First Application", "MVVM-First Application\MVVM-First Application.csproj", "{35CE60DB-DD5B-4A02-8586-5D59898F7F21}"
EndProject
Global
	GlobalSection(SolutionConfigurationPlatforms) = preSolution
		Debug|Any CPU = Debug|Any CPU
		Release|Any CPU = Release|Any CPU
	EndGlobalSection
	GlobalSection(ProjectConfigurationPlatforms) = postSolution
		{35CE60DB-DD5B-4A02-8586-5D59898F7F21}.Debug|Any CPU.ActiveCfg = Debug|Any CPU
		{35CE60DB-DD5B-4A02-8586-5D59898F7F21}.Debug|Any CPU.Build.0 = Debug|Any CPU
		{35CE60DB-DD5B-4A02-8586-5D59898F7F21}.Release|Any CPU.ActiveCfg = Release|Any CPU
		{35CE60DB-DD5B-4A02-8586-5D59898F7F21}.Release|Any CPU.Build.0 = Release|Any CPU
	EndGlobalSection
	GlobalSection(SolutionProperties) = preSolution
		HideSolutionNode = FALSE
	EndGlobalSection
	GlobalSection(ExtensibilityGlobals) = postSolution
		SolutionGuid = {7DFB641D-AC6F-48DA-8D86-5D75A2C5FD25}
	EndGlobalSection
EndGlobal
